
Microsoft Visual Studio Solution File, Format Version 12.00
# Visual Studio Version 16
VisualStudioVersion = 16.0.29709.97
MinimumVisualStudioVersion = 10.0.40219.1
Project("{FAE04EC0-301F-11D3-BF4B-00C04F79EFBC}") = "lab1-3-console", "lab1-3-console\lab1-3-console.csproj", "{688FEDEA-DC97-4701-A1D4-B4C2B9EE6C07}"
EndProject
Global
	GlobalSection(SolutionConfigurationPlatforms) = preSolution
		Debug|Any CPU = Debug|Any CPU
		Release|Any CPU = Release|Any CPU
	EndGlobalSection
	GlobalSection(ProjectConfigurationPlatforms) = postSolution
		{688FEDEA-DC97-4701-A1D4-B4C2B9EE6C07}.Debug|Any CPU.ActiveCfg = Debug|Any CPU
		{688FEDEA-DC97-4701-A1D4-B4C2B9EE6C07}.Debug|Any CPU.Build.0 = Debug|Any CPU
		{688FEDEA-DC97-4701-A1D4-B4C2B9EE6C07}.Release|Any CPU.ActiveCfg = Release|Any CPU
		{688FEDEA-DC97-4701-A1D4-B4C2B9EE6C07}.Release|Any CPU.Build.0 = Release|Any CPU
	EndGlobalSection
	GlobalSection(SolutionProperties) = preSolution
		HideSolutionNode = FALSE
	EndGlobalSection
	GlobalSection(ExtensibilityGlobals) = postSolution
		SolutionGuid = {70A9FD0C-388E-4C2A-B8EC-9DE518562A28}
	EndGlobalSection
EndGlobal
